// !$*UTF8*$!
{
	archiveVersion = 1;
	classes = {
	};
	objectVersion = 50;
	objects = {

/* Begin PBXBuildFile section */
		35628ADE233C99D200F19FCD /* AppDelegate.swift in Sources */ = {isa = PBXBuildFile; fileRef = 35628ADD233C99D200F19FCD /* AppDelegate.swift */; };
		35628AE0233C99D200F19FCD /* ViewController.swift in Sources */ = {isa = PBXBuildFile; fileRef = 35628ADF233C99D200F19FCD /* ViewController.swift */; };
		35628AE3233C99D200F19FCD /* Main.storyboard in Resources */ = {isa = PBXBuildFile; fileRef = 35628AE1233C99D200F19FCD /* Main.storyboard */; };
		35628AE5233C99D900F19FCD /* Assets.xcassets in Resources */ = {isa = PBXBuildFile; fileRef = 35628AE4233C99D900F19FCD /* Assets.xcassets */; };
		35628AE8233C99D900F19FCD /* LaunchScreen.storyboard in Resources */ = {isa = PBXBuildFile; fileRef = 35628AE6233C99D900F19FCD /* LaunchScreen.storyboard */; };
		35628AF4233C9E3F00F19FCD /* B.m4a in Resources */ = {isa = PBXBuildFile; fileRef = 35628AF0233C9E3F00F19FCD /* B.m4a */; };
		35628AF5233C9E3F00F19FCD /* D.m4a in Resources */ = {isa = PBXBuildFile; fileRef = 35628AF1233C9E3F00F19FCD /* D.m4a */; };
		35628AF6233C9E3F00F19FCD /* A.m4a in Resources */ = {isa = PBXBuildFile; fileRef = 35628AF2233C9E3F00F19FCD /* A.m4a */; };
		35628AF7233C9E3F00F19FCD /* C.m4a in Resources */ = {isa = PBXBuildFile; fileRef = 35628AF3233C9E3F00F19FCD /* C.m4a */; };
/* End PBXBuildFile section */

/* Begin PBXFileReference section */
		35628ADA233C99D200F19FCD /* SoundBoard.app */ = {isa = PBXFileReference; explicitFileType = wrapper.application; includeInIndex = 0; path = SoundBoard.app; sourceTree = BUILT_PRODUCTS_DIR; };
		35628ADD233C99D200F19FCD /* AppDelegate.swift */ = {isa = PBXFileReference; lastKnownFileType = sourcecode.swift; path = AppDelegate.swift; sourceTree = "<group>"; };
		35628ADF233C99D200F19FCD /* ViewController.swift */ = {isa = PBXFileReference; lastKnownFileType = sourcecode.swift; path = ViewController.swift; sourceTree = "<group>"; };
		35628AE2233C99D200F19FCD /* Base */ = {isa = PBXFileReference; lastKnownFileType = file.storyboard; name = Base; path = Base.lproj/Main.storyboard; sourceTree = "<group>"; };
		35628AE4233C99D900F19FCD /* Assets.xcassets */ = {isa = PBXFileReference; lastKnownFileType = folder.assetcatalog; path = Assets.xcassets; sourceTree = "<group>"; };
		35628AE7233C99D900F19FCD /* Base */ = {isa = PBXFileReference; lastKnownFileType = file.storyboard; name = Base; path = Base.lproj/LaunchScreen.storyboard; sourceTree = "<group>"; };
		35628AE9233C99D900F19FCD /* Info.plist */ = {isa = PBXFileReference; lastKnownFileType = text.plist.xml; path = Info.plist; sourceTree = "<group>"; };
		35628AF0233C9E3F00F19FCD /* B.m4a */ = {isa = PBXFileReference; lastKnownFileType = file; path = B.m4a; sourceTree = "<group>"; };
		35628AF1233C9E3F00F19FCD /* D.m4a */ = {isa = PBXFileReference; lastKnownFileType = file; path = D.m4a; sourceTree = "<group>"; };
		35628AF2233C9E3F00F19FCD /* A.m4a */ = {isa = PBXFileReference; lastKnownFileType = file; path = A.m4a; sourceTree = "<group>"; };
		35628AF3233C9E3F00F19FCD /* C.m4a */ = {isa = PBXFileReference; lastKnownFileType = file; path = C.m4a; sourceTree = "<group>"; };
/* End PBXFileReference section */

/* Begin PBXFrameworksBuildPhase section */
		35628AD7233C99D200F19FCD /* Frameworks */ = {
			isa = PBXFrameworksBuildPhase;
			buildActionMask = 2147483647;
			files = (
			);
			runOnlyForDeploymentPostprocessing = 0;
		};
/* End PBXFrameworksBuildPhase section */

/* Begin PBXGroup section */
		35628AD1233C99D200F19FCD = {
			isa = PBXGroup;
			children = (
				35628ADC233C99D200F19FCD /* SoundBoard */,
				35628ADB233C99D200F19FCD /* Products */,
			);
			sourceTree = "<group>";
		};
		35628ADB233C99D200F19FCD /* Products */ = {
			isa = PBXGroup;
			children = (
				35628ADA233C99D200F19FCD /* SoundBoard.app */,
			);
			name = Products;
			sourceTree = "<group>";
		};
		35628ADC233C99D200F19FCD /* SoundBoard */ = {
			isa = PBXGroup;
			children = (
				35628AEF233C9E1300F19FCD /* Sound */,
				35628ADD233C99D200F19FCD /* AppDelegate.swift */,
				35628ADF233C99D200F19FCD /* ViewController.swift */,
				35628AE1233C99D200F19FCD /* Main.storyboard */,
				35628AE4233C99D900F19FCD /* Assets.xcassets */,
				35628AE6233C99D900F19FCD /* LaunchScreen.storyboard */,
				35628AE9233C99D900F19FCD /* Info.plist */,
			);
			path = SoundBoard;
			sourceTree = "<group>";
		};
		35628AEF233C9E1300F19FCD /* Sound */ = {
			isa = PBXGroup;
			children = (
				35628AF2233C9E3F00F19FCD /* A.m4a */,
				35628AF0233C9E3F00F19FCD /* B.m4a */,
				35628AF3233C9E3F00F19FCD /* C.m4a */,
				35628AF1233C9E3F00F19FCD /* D.m4a */,
			);
			path = Sound;
			sourceTree = "<group>";
		};
/* End PBXGroup section */

/* Begin PBXNativeTarget section */
		35628AD9233C99D200F19FCD /* SoundBoard */ = {
			isa = PBXNativeTarget;
			buildConfigurationList = 35628AEC233C99D900F19FCD /* Build configuration list for PBXNativeTarget "SoundBoard" */;
			buildPhases = (
				35628AD6233C99D200F19FCD /* Sources */,
				35628AD7233C99D200F19FCD /* Frameworks */,
				35628AD8233C99D200F19FCD /* Resources */,
			);
			buildRules = (
			);
			dependencies = (
			);
			name = SoundBoard;
			productName = SoundBoard;
			productReference = 35628ADA233C99D200F19FCD /* SoundBoard.app */;
			productType = "com.apple.product-type.application";
		};
/* End PBXNativeTarget section */

/* Begin PBXProject section */
		35628AD2233C99D200F19FCD /* Project object */ = {
			isa = PBXProject;
			attributes = {
				LastSwiftUpdateCheck = 1010;
				LastUpgradeCheck = 1010;
				ORGANIZATIONNAME = "Zaki Zughbi";
				TargetAttributes = {
					35628AD9233C99D200F19FCD = {
						CreatedOnToolsVersion = 10.1;
					};
				};
			};
			buildConfigurationList = 35628AD5233C99D200F19FCD /* Build configuration list for PBXProject "SoundBoard" */;
			compatibilityVersion = "Xcode 9.3";
			developmentRegion = en;
			hasScannedForEncodings = 0;
			knownRegions = (
				en,
				Base,
			);
			mainGroup = 35628AD1233C99D200F19FCD;
			productRefGroup = 35628ADB233C99D200F19FCD /* Products */;
			projectDirPath = "";
			projectRoot = "";
			targets = (
				35628AD9233C99D200F19FCD /* SoundBoard */,
			);
		};
/* End PBXProject section */

/* Begin PBXResourcesBuildPhase section */
		35628AD8233C99D200F19FCD /* Resources */ = {
			isa = PBXResourcesBuildPhase;
			buildActionMask = 2147483647;
			files = (
				35628AF6233C9E3F00F19FCD /* A.m4a in Resources */,
				35628AE8233C99D900F19FCD /* LaunchScreen.storyboard in Resources */,
				35628AE5233C99D900F19FCD /* Assets.xcassets in Resources */,
				35628AE3233C99D200F19FCD /* Main.storyboard in Resources */,
				35628AF7233C9E3F00F19FCD /* C.m4a in Resources */,
				35628AF4233C9E3F00F19FCD /* B.m4a in Resources */,
				35628AF5233C9E3F00F19FCD /* D.m4a in Resources */,
			);
			runOnlyForDeploymentPostprocessing = 0;
		};
/* End PBXResourcesBuildPhase section */

/* Begin PBXSourcesBuildPhase section */
		35628AD6233C99D200F19FCD /* Sources */ = {
			isa = PBXSourcesBuildPhase;
			buildActionMask = 2147483647;
			files = (
				35628AE0233C99D200F19FCD /* ViewController.swift in Sources */,
				35628ADE233C99D200F19FCD /* AppDelegate.swift in Sources */,
			);
			runOnlyForDeploymentPostprocessing = 0;
		};
/* End PBXSourcesBuildPhase section */

/* Begin PBXVariantGroup section */
		35628AE1233C99D200F19FCD /* Main.storyboard */ = {
			isa = PBXVariantGroup;
			children = (
				35628AE2233C99D200F19FCD /* Base */,
			);
			name = Main.storyboard;
			sourceTree = "<group>";
		};
		35628AE6233C99D900F19FCD /* LaunchScreen.storyboard */ = {
			isa = PBXVariantGroup;
			children = (
				35628AE7233C99D900F19FCD /* Base */,
			);
			name = LaunchScreen.storyboard;
			sourceTree = "<group>";
		};
/* End PBXVariantGroup section */

/* Begin XCBuildConfiguration section */
		35628AEA233C99D900F19FCD /* Debug */ = {
			isa = XCBuildConfiguration;
			buildSettings = {
				ALWAYS_SEARCH_USER_PATHS = NO;
				CLANG_ANALYZER_NONNULL = YES;
				CLANG_ANALYZER_NUMBER_OBJECT_CONVERSION = YES_AGGRESSIVE;
				CLANG_CXX_LANGUAGE_STANDARD = "gnu++14";
				CLANG_CXX_LIBRARY = "libc++";
				CLANG_ENABLE_MODULES = YES;
				CLANG_ENABLE_OBJC_ARC = YES;
				CLANG_ENABLE_OBJC_WEAK = YES;
				CLANG_WARN_BLOCK_CAPTURE_AUTORELEASING = YES;
				CLANG_WARN_BOOL_CONVERSION = YES;
				CLANG_WARN_COMMA = YES;
				CLANG_WARN_CONSTANT_CONVERSION = YES;
				CLANG_WARN_DEPRECATED_OBJC_IMPLEMENTATIONS = YES;
				CLANG_WARN_DIRECT_OBJC_ISA_USAGE = YES_ERROR;
				CLANG_WARN_DOCUMENTATION_COMMENTS = YES;
				CLANG_WARN_EMPTY_BODY = YES;
				CLANG_WARN_ENUM_CONVERSION = YES;
				CLANG_WARN_INFINITE_RECURSION = YES;
				CLANG_WARN_INT_CONVERSION = YES;
				CLANG_WARN_NON_LITERAL_NULL_CONVERSION = YES;
				CLANG_WARN_OBJC_IMPLICIT_RETAIN_SELF = YES;
				CLANG_WARN_OBJC_LITERAL_CONVERSION = YES;
				CLANG_WARN_OBJC_ROOT_CLASS = YES_ERROR;
				CLANG_WARN_RANGE_LOOP_ANALYSIS = YES;
				CLANG_WARN_STRICT_PROTOTYPES = YES;
				CLANG_WARN_SUSPICIOUS_MOVE = YES;
				CLANG_WARN_UNGUARDED_AVAILABILITY = YES_AGGRESSIVE;
				CLANG_WARN_UNREACHABLE_CODE = YES;
				CLANG_WARN__DUPLICATE_METHOD_MATCH = YES;
				CODE_SIGN_IDENTITY = "iPhone Developer";
				COPY_PHASE_STRIP = NO;
				DEBUG_INFORMATION_FORMAT = dwarf;
				ENABLE_STRICT_OBJC_MSGSEND = YES;
				ENABLE_TESTABILITY = YES;
				GCC_C_LANGUAGE_STANDARD = gnu11;
				GCC_DYNAMIC_NO_PIC = NO;
				GCC_NO_COMMON_BLOCKS = YES;
				GCC_OPTIMIZATION_LEVEL = 0;
				GCC_PREPROCESSOR_DEFINITIONS = (
					"DEBUG=1",
					"$(inherited)",
				);
				GCC_WARN_64_TO_32_BIT_CONVERSION = YES;
				GCC_WARN_ABOUT_RETURN_TYPE = YES_ERROR;
				GCC_WARN_UNDECLARED_SELECTOR = YES;
				GCC_WARN_UNINITIALIZED_AUTOS = YES_AGGRESSIVE;
				GCC_WARN_UNUSED_FUNCTION = YES;
				GCC_WARN_UNUSED_VARIABLE = YES;
				IPHONEOS_DEPLOYMENT_TARGET = 12.1;
				MTL_ENABLE_DEBUG_INFO = INCLUDE_SOURCE;
				MTL_FAST_MATH = YES;
				ONLY_ACTIVE_ARCH = YES;
				SDKROOT = iphoneos;
				SWIFT_ACTIVE_COMPILATION_CONDITIONS = DEBUG;
				SWIFT_OPTIMIZATION_LEVEL = "-Onone";
			};
			name = Debug;
		};
		35628AEB233C99D900F19FCD /* Release */ = {
			isa = XCBuildConfiguration;
			buildSettings = {
				ALWAYS_SEARCH_USER_PATHS = NO;
				CLANG_ANALYZER_NONNULL = YES;
				CLANG_ANALYZER_NUMBER_OBJECT_CONVERSION = YES_AGGRESSIVE;
				CLANG_CXX_LANGUAGE_STANDARD = "gnu++14";
				CLANG_CXX_LIBRARY = "libc++";
				CLANG_ENABLE_MODULES = YES;
				CLANG_ENABLE_OBJC_ARC = YES;
				CLANG_ENABLE_OBJC_WEAK = YES;
				CLANG_WARN_BLOCK_CAPTURE_AUTORELEASING = YES;
				CLANG_WARN_BOOL_CONVERSION = YES;
				CLANG_WARN_COMMA = YES;
				CLANG_WARN_CONSTANT_CONVERSION = YES;
				CLANG_WARN_DEPRECATED_OBJC_IMPLEMENTATIONS = YES;
				CLANG_WARN_DIRECT_OBJC_ISA_USAGE = YES_ERROR;
				CLANG_WARN_DOCUMENTATION_COMMENTS = YES;
				CLANG_WARN_EMPTY_BODY = YES;
				CLANG_WARN_ENUM_CONVERSION = YES;
				CLANG_WARN_INFINITE_RECURSION = YES;
				CLANG_WARN_INT_CONVERSION = YES;
				CLANG_WARN_NON_LITERAL_NULL_CONVERSION = YES;
				CLANG_WARN_OBJC_IMPLICIT_RETAIN_SELF = YES;
				CLANG_WARN_OBJC_LITERAL_CONVERSION = YES;
				CLANG_WARN_OBJC_ROOT_CLASS = YES_ERROR;
				CLANG_WARN_RANGE_LOOP_ANALYSIS = YES;
				CLANG_WARN_STRICT_PROTOTYPES = YES;
				CLANG_WARN_SUSPICIOUS_MOVE = YES;
				CLANG_WARN_UNGUARDED_AVAILABILITY = YES_AGGRESSIVE;
				CLANG_WARN_UNREACHABLE_CODE = YES;
				CLANG_WARN__DUPLICATE_METHOD_MATCH = YES;
				CODE_SIGN_IDENTITY = "iPhone Developer";
				COPY_PHASE_STRIP = NO;
				DEBUG_INFORMATION_FORMAT = "dwarf-with-dsym";
				ENABLE_NS_ASSERTIONS = NO;
				ENABLE_STRICT_OBJC_MSGSEND = YES;
				GCC_C_LANGUAGE_STANDARD = gnu11;
				GCC_NO_COMMON_BLOCKS = YES;
				GCC_WARN_64_TO_32_BIT_CONVERSION = YES;
				GCC_WARN_ABOUT_RETURN_TYPE = YES_ERROR;
				GCC_WARN_UNDECLARED_SELECTOR = YES;
				GCC_WARN_UNINITIALIZED_AUTOS = YES_AGGRESSIVE;
				GCC_WARN_UNUSED_FUNCTION = YES;
				GCC_WARN_UNUSED_VARIABLE = YES;
				IPHONEOS_DEPLOYMENT_TARGET = 12.1;
				MTL_ENABLE_DEBUG_INFO = NO;
				MTL_FAST_MATH = YES;
				SDKROOT = iphoneos;
				SWIFT_COMPILATION_MODE = wholemodule;
				SWIFT_OPTIMIZATION_LEVEL = "-O";
				VALIDATE_PRODUCT = YES;
			};
			name = Release;
		};
		35628AED233C99D900F19FCD /* Debug */ = {
			isa = XCBuildConfiguration;
			buildSettings = {
				ASSETCATALOG_COMPILER_APPICON_NAME = AppIcon;
				CODE_SIGN_STYLE = Automatic;
				INFOPLIST_FILE = SoundBoard/Info.plist;
				LD_RUNPATH_SEARCH_PATHS = (
					"$(inherited)",
					"@executable_path/Frameworks",
				);
				PRODUCT_BUNDLE_IDENTIFIER = "Zaki-Zughbi.SoundBoard";
				PRODUCT_NAME = "$(TARGET_NAME)";
				SWIFT_VERSION = 4.2;
				TARGETED_DEVICE_FAMILY = "1,2";
			};
			name = Debug;
		};
		35628AEE233C99D900F19FCD /* Release */ = {
			isa = XCBuildConfiguration;
			buildSettings = {
				ASSETCATALOG_COMPILER_APPICON_NAME = AppIcon;
				CODE_SIGN_STYLE = Automatic;
				INFOPLIST_FILE = SoundBoard/Info.plist;
				LD_RUNPATH_SEARCH_PATHS = (
					"$(inherited)",
					"@executable_path/Frameworks",
				);
				PRODUCT_BUNDLE_IDENTIFIER = "Zaki-Zughbi.SoundBoard";
				PRODUCT_NAME = "$(TARGET_NAME)";
				SWIFT_VERSION = 4.2;
				TARGETED_DEVICE_FAMILY = "1,2";
			};
			name = Release;
		};
/* End XCBuildConfiguration section */

/* Begin XCConfigurationList section */
		35628AD5233C99D200F19FCD /* Build configuration list for PBXProject "SoundBoard" */ = {
			isa = XCConfigurationList;
			buildConfigurations = (
				35628AEA233C99D900F19FCD /* Debug */,
				35628AEB233C99D900F19FCD /* Release */,
			);
			defaultConfigurationIsVisible = 0;
			defaultConfigurationName = Release;
		};
		35628AEC233C99D900F19FCD /* Build configuration list for PBXNativeTarget "SoundBoard" */ = {
			isa = XCConfigurationList;
			buildConfigurations = (
				35628AED233C99D900F19FCD /* Debug */,
				35628AEE233C99D900F19FCD /* Release */,
			);
			defaultConfigurationIsVisible = 0;
			defaultConfigurationName = Release;
		};
/* End XCConfigurationList section */
	};
	rootObject = 35628AD2233C99D200F19FCD /* Project object */;
}
